<?xml version="1.0" encoding="utf-8"?>
<Project ToolsVersion="4.0" xmlns="http://schemas.microsoft.com/developer/msbuild/2003">
  <ItemGroup>
    <ClInclude Include="stdafx.h" />
    <ClInclude Include="UserDef.h" />
    <ClInclude Include="Singleton\Singleton.h" />
    <ClInclude Include="Singleton\D3D.h" />
    <ClInclude Include="Singleton\KeyManager.h" />
    <ClInclude Include="Singleton\TimeManager.h" />
    <ClInclude Include="Render\Shader.h" />
    <ClInclude Include="Render\InputLayout.h" />
    <ClInclude Include="Render\Material.h" />
    <ClInclude Include="Render\Texture.h" />
    <ClInclude Include="Render\RenderState.h" />
    <ClInclude Include="Render\RenderTarget.h" />
    <ClInclude Include="Viewer\View.h" />
    <ClInclude Include="Viewer\Viewport.h" />
    <ClInclude Include="Viewer\Projection.h" />
    <ClInclude Include="Viewer\Perspective.h" />
    <ClInclude Include="Viewer\Orthographic.h" />
    <ClInclude Include="Object\Object.h" />
    <ClInclude Include="Object\Cam.h" />
    <ClInclude Include="Singleton\CamManager.h" />
    <ClInclude Include="Singleton\ShaderManager.h" />
    <ClInclude Include="Singleton\LightManager.h" />
    <ClInclude Include="Singleton\SceneManager.h" />
    <ClInclude Include="Scene\Scene.h" />
    <ClInclude Include="Singleton\SoundManager.h" />
    <ClInclude Include="Singleton\WriteManager.h" />
    <ClInclude Include="Util\Collider.h" />
    <ClInclude Include="Util\Linear.h" />
    <ClInclude Include="Object\Cube.h" />
    <ClInclude Include="Object\RenderTarget\Blur.h" />
    <ClInclude Include="Object\Frustum.h" />
    <ClInclude Include="Object\Model\Model.h" />
    <ClInclude Include="Object\HeightMap.h" />
    <ClInclude Include="Object\Line.h" />
    <ClInclude Include="Object\Grid.h" />
    <ClInclude Include="Object\Sphere.h" />
    <ClInclude Include="Object\Plane.h" />
    <ClInclude Include="Object\Ui.h" />
    <ClInclude Include="Object\Model\Type.h" />
    <ClInclude Include="Object\SkySphere.h" />
    <ClInclude Include="Object\RenderTarget\PostEffect.h" />
    <ClInclude Include="Object\Terrain\Terrain.h" />
    <ClInclude Include="Object\Terrain\QuadTree.h" />
    <ClInclude Include="Object\Terrain\TerrainEditor.h" />
    <ClInclude Include="Util\Collision.h" />
    <ClInclude Include="Object\Particle\Particle.h" />
    <ClInclude Include="Object\Particle\Rain.h" />
    <ClInclude Include="Object\Shadow.h" />
    <ClInclude Include="Object\Reflection.h" />
    <ClInclude Include="Object\Refraction.h" />
    <ClInclude Include="Util\Astar.h" />
    <ClInclude Include="Util\Dijkstra.h" />
    <ClInclude Include="Util\DiEditer.h" />
    <ClInclude Include="MainGame.h" />
    <ClInclude Include="Scene\Scene1.h" />
    <ClInclude Include="Scene\LoadingScene.h" />
  </ItemGroup>
  <ItemGroup>
    <ClCompile Include="WinAPI.cpp" />
    <ClCompile Include="Singleton\D3D.cpp" />
    <ClCompile Include="Singleton\KeyManager.cpp" />
    <ClCompile Include="Singleton\TimeManager.cpp" />
    <ClCompile Include="Render\Shader.cpp" />
    <ClCompile Include="Render\InputLayout.cpp" />
    <ClCompile Include="Render\Material.cpp" />
    <ClCompile Include="Render\Texture.cpp" />
    <ClCompile Include="Render\RenderState.cpp" />
    <ClCompile Include="Render\RenderTarget.cpp" />
    <ClCompile Include="Viewer\View.cpp" />
    <ClCompile Include="Viewer\Viewport.cpp" />
    <ClCompile Include="Viewer\Projection.cpp" />
    <ClCompile Include="Viewer\Perspective.cpp" />
    <ClCompile Include="Viewer\Orthographic.cpp" />
    <ClCompile Include="Object\Object.cpp" />
    <ClCompile Include="Object\Cam.cpp" />
    <ClCompile Include="Singleton\CamManager.cpp" />
    <ClCompile Include="Singleton\ShaderManager.cpp" />
    <ClCompile Include="Singleton\LightManager.cpp" />
    <ClCompile Include="Singleton\SceneManager.cpp" />
    <ClCompile Include="Singleton\SoundManager.cpp" />
    <ClCompile Include="Singleton\WriteManager.cpp" />
    <ClCompile Include="Object\Cube.cpp" />
    <ClCompile Include="Object\RenderTarget\Blur.cpp" />
    <ClCompile Include="Object\Frustum.cpp" />
    <ClCompile Include="Object\Model\Model.cpp" />
    <ClCompile Include="Object\HeightMap.cpp" />
    <ClCompile Include="Object\Line.cpp" />
    <ClCompile Include="Object\Grid.cpp" />
    <ClCompile Include="Object\Plane.cpp" />
    <ClCompile Include="Object\RenderTarget\PostEffect.cpp" />
    <ClCompile Include="Object\Terrain\QuadTree.cpp" />
    <ClCompile Include="Object\Sphere.cpp" />
    <ClCompile Include="Object\Ui.cpp" />
    <ClCompile Include="Object\Model\Type.cpp" />
    <ClCompile Include="Object\SkySphere.cpp" />
    <ClCompile Include="Object\Terrain\Terrain.cpp" />
    <ClCompile Include="Object\Terrain\TerrainEditor.cpp" />
    <ClCompile Include="Object\Particle\Particle.cpp" />
    <ClCompile Include="Object\Particle\Rain.cpp" />
    <ClCompile Include="Object\Shadow.cpp" />
    <ClCompile Include="Object\Reflection.cpp" />
    <ClCompile Include="Object\Refraction.cpp" />
    <ClCompile Include="Util\Astar.cpp" />
    <ClCompile Include="Util\Dijkstra.cpp" />
    <ClCompile Include="Util\DiEditer.cpp" />
    <ClCompile Include="MainGame.cpp" />
    <ClCompile Include="Scene\Scene1.cpp" />
    <ClCompile Include="Scene\LoadingScene.cpp" />
  </ItemGroup>
  <ItemGroup>
    <None Include="Shader\1.Basic.hlsl" />
    <None Include="Shader\2.Basic2.hlsl" />
    <None Include="Shader\3.Light.hlsl" />
    <None Include="Shader\4.Plane.hlsl" />
    <None Include="Shader\5.HeightMap.hlsl" />
    <None Include="Shader\6.H.hlsl" />
    <None Include="Shader\7.ObjModel.hlsl" />
    <None Include="Shader\8.Model.hlsl" />
    <None Include="Shader\9.Ui.hlsl" />
    <None Include="Shader\10.UiModel.hlsl" />
    <None Include="Shader\11.NonLightingModel.hlsl" />
    <None Include="Shader\12.SkySphere.hlsl" />
    <None Include="Shader\13.PostEffect.hlsl" />
    <None Include="Shader\14.Blur.hlsl" />
    <None Include="Shader\15.Rain.hlsl" />
    <None Include="Shader\16.Pop.hlsl" />
    <None Include="Shader\17.Line.hlsl" />
    <None Include="Shader\18.ModelShadow.hlsl" />
    <None Include="Shader\19.HeightTarget.hlsl" />
    <None Include="Shader\20.ModelTarget.hlsl" />
    <None Include="Shader\21.ReflectCube.hlsl" />
    <None Include="Shader\22.RefractionCube.hlsl" />
    <None Include="Shader\Header.hlsl" />
    <None Include="Shader\23.ComputeShader.hlsl" />
  </ItemGroup>
</Project>